
Microsoft Visual Studio Solution File, Format Version 12.00
# Visual Studio Version 16
VisualStudioVersion = 16.6.30114.105
MinimumVisualStudioVersion = 10.0.40219.1
Project("{FAE04EC0-301F-11D3-BF4B-00C04F79EFBC}") = "API", "API\API.csproj", "{0AE660D8-0265-4BDF-AD91-E1A04BE84E27}"
EndProject
Project("{FAE04EC0-301F-11D3-BF4B-00C04F79EFBC}") = "Application", "Application\Application.csproj", "{58B604EA-CE90-4F75-8281-D15B65636E96}"
EndProject
Project("{FAE04EC0-301F-11D3-BF4B-00C04F79EFBC}") = "Persistence", "Persistence\Persistence.csproj", "{D6E589A4-4E45-491B-9B83-2118A81B72BF}"
EndProject
Project("{FAE04EC0-301F-11D3-BF4B-00C04F79EFBC}") = "Domain", "Domain\Domain.csproj", "{73941004-02FC-48C7-9EBB-E907D663C3AB}"
EndProject
Global
	GlobalSection(SolutionConfigurationPlatforms) = preSolution
		Debug|Any CPU = Debug|Any CPU
		Debug|x64 = Debug|x64
		Debug|x86 = Debug|x86
		Release|Any CPU = Release|Any CPU
		Release|x64 = Release|x64
		Release|x86 = Release|x86
	EndGlobalSection
	GlobalSection(SolutionProperties) = preSolution
		HideSolutionNode = FALSE
	EndGlobalSection
	GlobalSection(ProjectConfigurationPlatforms) = postSolution
		{0AE660D8-0265-4BDF-AD91-E1A04BE84E27}.Debug|Any CPU.ActiveCfg = Debug|Any CPU
		{0AE660D8-0265-4BDF-AD91-E1A04BE84E27}.Debug|Any CPU.Build.0 = Debug|Any CPU
		{0AE660D8-0265-4BDF-AD91-E1A04BE84E27}.Debug|x64.ActiveCfg = Debug|Any CPU
		{0AE660D8-0265-4BDF-AD91-E1A04BE84E27}.Debug|x64.Build.0 = Debug|Any CPU
		{0AE660D8-0265-4BDF-AD91-E1A04BE84E27}.Debug|x86.ActiveCfg = Debug|Any CPU
		{0AE660D8-0265-4BDF-AD91-E1A04BE84E27}.Debug|x86.Build.0 = Debug|Any CPU
		{0AE660D8-0265-4BDF-AD91-E1A04BE84E27}.Release|Any CPU.ActiveCfg = Release|Any CPU
		{0AE660D8-0265-4BDF-AD91-E1A04BE84E27}.Release|Any CPU.Build.0 = Release|Any CPU
		{0AE660D8-0265-4BDF-AD91-E1A04BE84E27}.Release|x64.ActiveCfg = Release|Any CPU
		{0AE660D8-0265-4BDF-AD91-E1A04BE84E27}.Release|x64.Build.0 = Release|Any CPU
		{0AE660D8-0265-4BDF-AD91-E1A04BE84E27}.Release|x86.ActiveCfg = Release|Any CPU
		{0AE660D8-0265-4BDF-AD91-E1A04BE84E27}.Release|x86.Build.0 = Release|Any CPU
		{58B604EA-CE90-4F75-8281-D15B65636E96}.Debug|Any CPU.ActiveCfg = Debug|Any CPU
		{58B604EA-CE90-4F75-8281-D15B65636E96}.Debug|Any CPU.Build.0 = Debug|Any CPU
		{58B604EA-CE90-4F75-8281-D15B65636E96}.Debug|x64.ActiveCfg = Debug|Any CPU
		{58B604EA-CE90-4F75-8281-D15B65636E96}.Debug|x64.Build.0 = Debug|Any CPU
		{58B604EA-CE90-4F75-8281-D15B65636E96}.Debug|x86.ActiveCfg = Debug|Any CPU
		{58B604EA-CE90-4F75-8281-D15B65636E96}.Debug|x86.Build.0 = Debug|Any CPU
		{58B604EA-CE90-4F75-8281-D15B65636E96}.Release|Any CPU.ActiveCfg = Release|Any CPU
		{58B604EA-CE90-4F75-8281-D15B65636E96}.Release|Any CPU.Build.0 = Release|Any CPU
		{58B604EA-CE90-4F75-8281-D15B65636E96}.Release|x64.ActiveCfg = Release|Any CPU
		{58B604EA-CE90-4F75-8281-D15B65636E96}.Release|x64.Build.0 = Release|Any CPU
		{58B604EA-CE90-4F75-8281-D15B65636E96}.Release|x86.ActiveCfg = Release|Any CPU
		{58B604EA-CE90-4F75-8281-D15B65636E96}.Release|x86.Build.0 = Release|Any CPU
		{D6E589A4-4E45-491B-9B83-2118A81B72BF}.Debug|Any CPU.ActiveCfg = Debug|Any CPU
		{D6E589A4-4E45-491B-9B83-2118A81B72BF}.Debug|Any CPU.Build.0 = Debug|Any CPU
		{D6E589A4-4E45-491B-9B83-2118A81B72BF}.Debug|x64.ActiveCfg = Debug|Any CPU
		{D6E589A4-4E45-491B-9B83-2118A81B72BF}.Debug|x64.Build.0 = Debug|Any CPU
		{D6E589A4-4E45-491B-9B83-2118A81B72BF}.Debug|x86.ActiveCfg = Debug|Any CPU
		{D6E589A4-4E45-491B-9B83-2118A81B72BF}.Debug|x86.Build.0 = Debug|Any CPU
		{D6E589A4-4E45-491B-9B83-2118A81B72BF}.Release|Any CPU.ActiveCfg = Release|Any CPU
		{D6E589A4-4E45-491B-9B83-2118A81B72BF}.Release|Any CPU.Build.0 = Release|Any CPU
		{D6E589A4-4E45-491B-9B83-2118A81B72BF}.Release|x64.ActiveCfg = Release|Any CPU
		{D6E589A4-4E45-491B-9B83-2118A81B72BF}.Release|x64.Build.0 = Release|Any CPU
		{D6E589A4-4E45-491B-9B83-2118A81B72BF}.Release|x86.ActiveCfg = Release|Any CPU
		{D6E589A4-4E45-491B-9B83-2118A81B72BF}.Release|x86.Build.0 = Release|Any CPU
		{73941004-02FC-48C7-9EBB-E907D663C3AB}.Debug|Any CPU.ActiveCfg = Debug|Any CPU
		{73941004-02FC-48C7-9EBB-E907D663C3AB}.Debug|Any CPU.Build.0 = Debug|Any CPU
		{73941004-02FC-48C7-9EBB-E907D663C3AB}.Debug|x64.ActiveCfg = Debug|Any CPU
		{73941004-02FC-48C7-9EBB-E907D663C3AB}.Debug|x64.Build.0 = Debug|Any CPU
		{73941004-02FC-48C7-9EBB-E907D663C3AB}.Debug|x86.ActiveCfg = Debug|Any CPU
		{73941004-02FC-48C7-9EBB-E907D663C3AB}.Debug|x86.Build.0 = Debug|Any CPU
		{73941004-02FC-48C7-9EBB-E907D663C3AB}.Release|Any CPU.ActiveCfg = Release|Any CPU
		{73941004-02FC-48C7-9EBB-E907D663C3AB}.Release|Any CPU.Build.0 = Release|Any CPU
		{73941004-02FC-48C7-9EBB-E907D663C3AB}.Release|x64.ActiveCfg = Release|Any CPU
		{73941004-02FC-48C7-9EBB-E907D663C3AB}.Release|x64.Build.0 = Release|Any CPU
		{73941004-02FC-48C7-9EBB-E907D663C3AB}.Release|x86.ActiveCfg = Release|Any CPU
		{73941004-02FC-48C7-9EBB-E907D663C3AB}.Release|x86.Build.0 = Release|Any CPU
	EndGlobalSection
EndGlobal
